
Microsoft Visual Studio Solution File, Format Version 12.00
# Visual Studio Version 16
VisualStudioVersion = 16.0.29411.108
MinimumVisualStudioVersion = 10.0.40219.1
Project("{8BC9CEB8-8B4A-11D0-8D11-00A0C91BC942}") = "IDK2", "IDK2\IDK2.vcxproj", "{CCD9A34C-5E13-4E26-9C5B-C3723CD3EB95}"
EndProject
Global
	GlobalSection(SolutionConfigurationPlatforms) = preSolution
		Debug|x64 = Debug|x64
		Debug|x86 = Debug|x86
		Release|x64 = Release|x64
		Release|x86 = Release|x86
	EndGlobalSection
	GlobalSection(ProjectConfigurationPlatforms) = postSolution
		{CCD9A34C-5E13-4E26-9C5B-C3723CD3EB95}.Debug|x64.ActiveCfg = Debug|x64
		{CCD9A34C-5E13-4E26-9C5B-C3723CD3EB95}.Debug|x64.Build.0 = Debug|x64
		{CCD9A34C-5E13-4E26-9C5B-C3723CD3EB95}.Debug|x86.ActiveCfg = Debug|Win32
		{CCD9A34C-5E13-4E26-9C5B-C3723CD3EB95}.Debug|x86.Build.0 = Debug|Win32
		{CCD9A34C-5E13-4E26-9C5B-C3723CD3EB95}.Release|x64.ActiveCfg = Release|x64
		{CCD9A34C-5E13-4E26-9C5B-C3723CD3EB95}.Release|x64.Build.0 = Release|x64
		{CCD9A34C-5E13-4E26-9C5B-C3723CD3EB95}.Release|x86.ActiveCfg = Release|Win32
		{CCD9A34C-5E13-4E26-9C5B-C3723CD3EB95}.Release|x86.Build.0 = Release|Win32
	EndGlobalSection
	GlobalSection(SolutionProperties) = preSolution
		HideSolutionNode = FALSE
	EndGlobalSection
	GlobalSection(ExtensibilityGlobals) = postSolution
		SolutionGuid = {FFC6728A-6486-48E9-8685-CFEC12C44D45}
	EndGlobalSection
EndGlobal
